<?xml version="1.0" encoding="utf-8"?>
<Project ToolsVersion="4.0" xmlns="http://schemas.microsoft.com/developer/msbuild/2003">
  <ItemGroup>
    <Filter Include="Source Files">
      <UniqueIdentifier>{4FC737F1-C7A5-4376-A066-2A32D752A2FF}</UniqueIdentifier>
      <Extensions>cpp;c;cc;cxx;c++;cppm;ixx;def;odl;idl;hpj;bat;asm;asmx</Extensions>
    </Filter>
    <Filter Include="Header Files">
      <UniqueIdentifier>{93995380-89BD-4b04-88EB-625FBE52EBFB}</UniqueIdentifier>
      <Extensions>h;hh;hpp;hxx;h++;hm;inl;inc;ipp;xsd</Extensions>
    </Filter>
    <Filter Include="Resource Files">
      <UniqueIdentifier>{67DA6AB6-F800-4c08-8B7A-83BB121AAD01}</UniqueIdentifier>
      <Extensions>rc;ico;cur;bmp;dlg;rc2;rct;bin;rgs;gif;jpg;jpeg;jpe;resx;tiff;tif;png;wav;mfcribbon-ms</Extensions>
    </Filter>
    <Filter Include="Header Files\framework">
      <UniqueIdentifier>{e978df81-4e68-498b-9271-537e6ede919b}</UniqueIdentifier>
    </Filter>
    <Filter Include="Source Files\impementations">
      <UniqueIdentifier>{99ed4556-1599-48d9-ad73-09b759a2bfc5}</UniqueIdentifier>
    </Filter>
    <Filter Include="Source Files\external">
      <UniqueIdentifier>{71ca7ef6-6457-4bb2-9956-6b7613574247}</UniqueIdentifier>
    </Filter>
    <Filter Include="Source Files\platform">
      <UniqueIdentifier>{d1c14016-b129-431a-807f-f9e1dec27588}</UniqueIdentifier>
    </Filter>
    <Filter Include="Resource Files\meshes">
      <UniqueIdentifier>{bcdcac5a-2577-4a18-b490-b89bc55be9c5}</UniqueIdentifier>
    </Filter>
    <Filter Include="Resource Files\meshes\wavefront">
      <UniqueIdentifier>{5e23472e-08d2-4a4b-a5c8-8d8bccccbdd6}</UniqueIdentifier>
    </Filter>
    <Filter Include="Resource Files\meshes\wavefront\biplane">
      <UniqueIdentifier>{1149e219-4141-4f20-9b67-8615fbb517f5}</UniqueIdentifier>
    </Filter>
    <Filter Include="Resource Files\meshes\wavefront\cube">
      <UniqueIdentifier>{94f77f2a-767a-43c8-b952-12db34a94c16}</UniqueIdentifier>
    </Filter>
    <Filter Include="Resource Files\meshes\wavefront\globe">
      <UniqueIdentifier>{5cca72f6-6018-468f-9ceb-cf3723818315}</UniqueIdentifier>
    </Filter>
    <Filter Include="Resource Files\meshes\wavefront\gtx 1080ti">
      <UniqueIdentifier>{48b194de-011f-476c-8fc1-ebf2afe31262}</UniqueIdentifier>
    </Filter>
    <Filter Include="Resource Files\meshes\wavefront\sphere">
      <UniqueIdentifier>{00526266-2cc7-4e34-b96f-b54ad2da2422}</UniqueIdentifier>
    </Filter>
    <Filter Include="Resource Files\meshes\wavefront\Suzanne">
      <UniqueIdentifier>{00198ad3-ebfe-4f18-9ce1-778d76299346}</UniqueIdentifier>
    </Filter>
    <Filter Include="Shader Source Files">
      <UniqueIdentifier>{e6400632-4fae-46a2-8088-e151cc4ea213}</UniqueIdentifier>
    </Filter>
  </ItemGroup>
  <ItemGroup>
    <ClCompile Include="nuklear_impl.c">
      <Filter>Source Files\impementations</Filter>
    </ClCompile>
    <ClCompile Include="..\externals\hashmap.c">
      <Filter>Source Files\external</Filter>
    </ClCompile>
    <ClCompile Include="..\externals\stb_vorbis.c">
      <Filter>Source Files\external</Filter>
    </ClCompile>
    <ClCompile Include="..\externals\xml.c">
      <Filter>Source Files\external</Filter>
    </ClCompile>
    <ClCompile Include="..\externals\cJSON.c">
      <Filter>Source Files\external</Filter>
    </ClCompile>
    <ClCompile Include="..\externals\cJSON_Utils.c">
      <Filter>Source Files\external</Filter>
    </ClCompile>
    <ClCompile Include="platform\win32.c">
      <Filter>Source Files\platform</Filter>
    </ClCompile>
    <ClCompile Include="..\externals\gl.c">
      <Filter>Source Files\external</Filter>
    </ClCompile>
    <ClCompile Include="..\externals\wgl.c">
      <Filter>Source Files\external</Filter>
    </ClCompile>
    <ClCompile Include="Crox.c">
      <Filter>Source Files</Filter>
    </ClCompile>
    <ClCompile Include="stb_impl.c">
      <Filter>Source Files\impementations</Filter>
    </ClCompile>
    <ClCompile Include="vulkan_impl.cpp">
      <Filter>Source Files\impementations</Filter>
    </ClCompile>
    <ClCompile Include="..\externals\cwalk.c">
      <Filter>Source Files\external</Filter>
    </ClCompile>
    <ClCompile Include="wavefront.c">
      <Filter>Source Files</Filter>
    </ClCompile>
    <ClCompile Include="gltf.c">
      <Filter>Source Files</Filter>
    </ClCompile>
    <ClCompile Include="camera.c">
      <Filter>Source Files</Filter>
    </ClCompile>
  </ItemGroup>
  <ItemGroup>
    <ClInclude Include="framework_nuklear.h">
      <Filter>Header Files\framework</Filter>
    </ClInclude>
    <ClInclude Include="framework_winapi.h">
      <Filter>Header Files\framework</Filter>
    </ClInclude>
    <ClInclude Include="framework_crt.h">
      <Filter>Header Files\framework</Filter>
    </ClInclude>
    <ClInclude Include="resource.h">
      <Filter>Header Files</Filter>
    </ClInclude>
    <ClInclude Include="Crox.h">
      <Filter>Header Files</Filter>
    </ClInclude>
    <ClInclude Include="Platform\Platform.h">
      <Filter>Header Files</Filter>
    </ClInclude>
    <ClInclude Include="framework_vulkan.h">
      <Filter>Header Files\framework</Filter>
    </ClInclude>
    <ClInclude Include="framework_spirv.h">
      <Filter>Header Files\framework</Filter>
    </ClInclude>
    <ClInclude Include="mesh.h">
      <Filter>Header Files</Filter>
    </ClInclude>
    <ClInclude Include="wavefront.h">
      <Filter>Header Files</Filter>
    </ClInclude>
    <ClInclude Include="NullSemantics.h">
      <Filter>Header Files</Filter>
    </ClInclude>
    <ClInclude Include="camera.h">
      <Filter>Header Files</Filter>
    </ClInclude>
    <ClInclude Include="log.h">
      <Filter>Header Files</Filter>
    </ClInclude>
  </ItemGroup>
  <ItemGroup>
    <ResourceCompile Include="Crox.rc">
      <Filter>Resource Files</Filter>
    </ResourceCompile>
  </ItemGroup>
  <ItemGroup>
    <None Include="default.vert">
      <Filter>Shader Source Files</Filter>
    </None>
    <None Include="default.frag">
      <Filter>Shader Source Files</Filter>
    </None>
    <None Include="3D.vert">
      <Filter>Shader Source Files</Filter>
    </None>
    <None Include="3D.frag">
      <Filter>Shader Source Files</Filter>
    </None>
    <None Include="..\rsc\mesh\cube.mtl">
      <Filter>Resource Files\meshes\wavefront\cube</Filter>
    </None>
    <None Include="..\rsc\mesh\globe.mtl">
      <Filter>Resource Files\meshes\wavefront\globe</Filter>
    </None>
    <None Include="..\rsc\mesh\gtx1080ti.mtl">
      <Filter>Resource Files\meshes\wavefront\gtx 1080ti</Filter>
    </None>
    <None Include="..\rsc\mesh\sphere.mtl">
      <Filter>Resource Files\meshes\wavefront\sphere</Filter>
    </None>
    <None Include="..\rsc\mesh\Suzanne.mtl">
      <Filter>Resource Files\meshes\wavefront\Suzanne</Filter>
    </None>
    <None Include="..\rsc\mesh\biplane\biplane.mtl">
      <Filter>Resource Files\meshes\wavefront\biplane</Filter>
    </None>
    <None Include="..\rsc\mesh\biplane\G17SL.3ds">
      <Filter>Resource Files\meshes\wavefront\biplane</Filter>
    </None>
    <None Include="..\rsc\mesh\biplane\G17SL.MAX">
      <Filter>Resource Files\meshes\wavefront\biplane</Filter>
    </None>
    <None Include="quick3D.frag">
      <Filter>Shader Source Files</Filter>
    </None>
  </ItemGroup>
  <ItemGroup>
    <Object Include="..\rsc\mesh\teapot.obj">
      <Filter>Resource Files\meshes\wavefront</Filter>
    </Object>
    <Object Include="..\rsc\mesh\cube.obj">
      <Filter>Resource Files\meshes\wavefront\cube</Filter>
    </Object>
    <Object Include="..\rsc\mesh\globe.obj">
      <Filter>Resource Files\meshes\wavefront\globe</Filter>
    </Object>
    <Object Include="..\rsc\mesh\gtx1080ti.obj">
      <Filter>Resource Files\meshes\wavefront\gtx 1080ti</Filter>
    </Object>
    <Object Include="..\rsc\mesh\sphere.obj">
      <Filter>Resource Files\meshes\wavefront\sphere</Filter>
    </Object>
    <Object Include="..\rsc\mesh\Suzanne.obj">
      <Filter>Resource Files\meshes\wavefront\Suzanne</Filter>
    </Object>
    <Object Include="..\rsc\mesh\biplane\biplane.obj">
      <Filter>Resource Files\meshes\wavefront\biplane</Filter>
    </Object>
  </ItemGroup>
  <ItemGroup>
    <Image Include="opengl.ico">
      <Filter>Resource Files</Filter>
    </Image>
    <Image Include="..\rsc\mesh\biplane\G17SBEEH.JPG">
      <Filter>Resource Files\meshes\wavefront\biplane</Filter>
    </Image>
    <Image Include="..\rsc\mesh\biplane\G17SBEMS.JPG">
      <Filter>Resource Files\meshes\wavefront\biplane</Filter>
    </Image>
    <Image Include="..\rsc\mesh\biplane\G17SHELC.JPG">
      <Filter>Resource Files\meshes\wavefront\biplane</Filter>
    </Image>
    <Image Include="..\rsc\mesh\biplane\G17SHENG.JPG">
      <Filter>Resource Files\meshes\wavefront\biplane</Filter>
    </Image>
    <Image Include="..\rsc\mesh\biplane\G17SLTRB.JPG">
      <Filter>Resource Files\meshes\wavefront\biplane</Filter>
    </Image>
    <Image Include="..\rsc\mesh\biplane\G17SLTRR.JPG">
      <Filter>Resource Files\meshes\wavefront\biplane</Filter>
    </Image>
    <Image Include="..\rsc\mesh\biplane\G17SNUMR.JPG">
      <Filter>Resource Files\meshes\wavefront\biplane</Filter>
    </Image>
    <Image Include="..\rsc\mesh\biplane\G17SPICF.JPG">
      <Filter>Resource Files\meshes\wavefront\biplane</Filter>
    </Image>
    <Image Include="..\rsc\mesh\biplane\LAKEREM.JPG">
      <Filter>Resource Files\meshes\wavefront\biplane</Filter>
    </Image>
  </ItemGroup>
</Project>