<?xml version="1.0" encoding="utf-8"?>
<Project ToolsVersion="4.0" xmlns="http://schemas.microsoft.com/developer/msbuild/2003">
  <ItemGroup>
    <Filter Include="Source Files">
      <UniqueIdentifier>{4FC737F1-C7A5-4376-A066-2A32D752A2FF}</UniqueIdentifier>
      <Extensions>cpp;c;cc;cxx;c++;cppm;ixx;def;odl;idl;hpj;bat;asm;asmx</Extensions>
    </Filter>
    <Filter Include="Header Files">
      <UniqueIdentifier>{93995380-89BD-4b04-88EB-625FBE52EBFB}</UniqueIdentifier>
      <Extensions>h;hh;hpp;hxx;h++;hm;inl;inc;ipp;xsd</Extensions>
    </Filter>
    <Filter Include="Resource Files">
      <UniqueIdentifier>{67DA6AB6-F800-4c08-8B7A-83BB121AAD01}</UniqueIdentifier>
      <Extensions>rc;ico;cur;bmp;dlg;rc2;rct;bin;rgs;gif;jpg;jpeg;jpe;resx;tiff;tif;png;wav;mfcribbon-ms</Extensions>
    </Filter>
    <Filter Include="Header Files\framework">
      <UniqueIdentifier>{e978df81-4e68-498b-9271-537e6ede919b}</UniqueIdentifier>
    </Filter>
    <Filter Include="Source Files\impementations">
      <UniqueIdentifier>{99ed4556-1599-48d9-ad73-09b759a2bfc5}</UniqueIdentifier>
    </Filter>
    <Filter Include="Source Files\external">
      <UniqueIdentifier>{71ca7ef6-6457-4bb2-9956-6b7613574247}</UniqueIdentifier>
    </Filter>
    <Filter Include="Source Files\platform">
      <UniqueIdentifier>{d1c14016-b129-431a-807f-f9e1dec27588}</UniqueIdentifier>
    </Filter>
    <Filter Include="Resource Files\meshes">
      <UniqueIdentifier>{bcdcac5a-2577-4a18-b490-b89bc55be9c5}</UniqueIdentifier>
    </Filter>
    <Filter Include="Resource Files\meshes\wavefront">
      <UniqueIdentifier>{5e23472e-08d2-4a4b-a5c8-8d8bccccbdd6}</UniqueIdentifier>
    </Filter>
    <Filter Include="Resource Files\meshes\wavefront\biplane">
      <UniqueIdentifier>{1149e219-4141-4f20-9b67-8615fbb517f5}</UniqueIdentifier>
    </Filter>
    <Filter Include="Resource Files\meshes\wavefront\cube">
      <UniqueIdentifier>{94f77f2a-767a-43c8-b952-12db34a94c16}</UniqueIdentifier>
    </Filter>
    <Filter Include="Resource Files\meshes\wavefront\globe">
      <UniqueIdentifier>{5cca72f6-6018-468f-9ceb-cf3723818315}</UniqueIdentifier>
    </Filter>
    <Filter Include="Resource Files\meshes\wavefront\gtx 1080ti">
      <UniqueIdentifier>{48b194de-011f-476c-8fc1-ebf2afe31262}</UniqueIdentifier>
    </Filter>
    <Filter Include="Resource Files\meshes\wavefront\sphere">
      <UniqueIdentifier>{00526266-2cc7-4e34-b96f-b54ad2da2422}</UniqueIdentifier>
    </Filter>
    <Filter Include="Resource Files\meshes\wavefront\Suzanne">
      <UniqueIdentifier>{00198ad3-ebfe-4f18-9ce1-778d76299346}</UniqueIdentifier>
    </Filter>
    <Filter Include="Shader Source Files">
      <UniqueIdentifier>{e6400632-4fae-46a2-8088-e151cc4ea213}</UniqueIdentifier>
    </Filter>
    <Filter Include="Source Files\standards">
      <UniqueIdentifier>{cc289f0c-153d-474b-8507-54d6f287300b}</UniqueIdentifier>
    </Filter>
    <Filter Include="Header Files\standards">
      <UniqueIdentifier>{284327bc-5600-4b61-8689-adb55bab318e}</UniqueIdentifier>
    </Filter>
    <Filter Include="Resource Files\meshes\gltf">
      <UniqueIdentifier>{b23fff47-8e11-4064-9feb-4fa4a21e0541}</UniqueIdentifier>
    </Filter>
    <Filter Include="Resource Files\meshes\gltf\Sponza">
      <UniqueIdentifier>{4ed1b2b4-4d9c-4491-9a3e-4f1236679c78}</UniqueIdentifier>
    </Filter>
    <Filter Include="Resource Files\meshes\gltf\Duck">
      <UniqueIdentifier>{2917fa64-8f3c-4178-940d-3d1f29bc7fe6}</UniqueIdentifier>
    </Filter>
  </ItemGroup>
  <ItemGroup>
    <ClCompile Include="nuklear_impl.c">
      <Filter>Source Files\impementations</Filter>
    </ClCompile>
    <ClCompile Include="..\externals\hashmap.c">
      <Filter>Source Files\external</Filter>
    </ClCompile>
    <ClCompile Include="..\externals\stb_vorbis.c">
      <Filter>Source Files\external</Filter>
    </ClCompile>
    <ClCompile Include="..\externals\xml.c">
      <Filter>Source Files\external</Filter>
    </ClCompile>
    <ClCompile Include="platform\win32.c">
      <Filter>Source Files\platform</Filter>
    </ClCompile>
    <ClCompile Include="..\externals\gl.c">
      <Filter>Source Files\external</Filter>
    </ClCompile>
    <ClCompile Include="..\externals\wgl.c">
      <Filter>Source Files\external</Filter>
    </ClCompile>
    <ClCompile Include="Crox.c">
      <Filter>Source Files</Filter>
    </ClCompile>
    <ClCompile Include="stb_impl.c">
      <Filter>Source Files\impementations</Filter>
    </ClCompile>
    <ClCompile Include="vulkan_impl.cpp">
      <Filter>Source Files\impementations</Filter>
    </ClCompile>
    <ClCompile Include="..\externals\cwalk.c">
      <Filter>Source Files\external</Filter>
    </ClCompile>
    <ClCompile Include="camera.c">
      <Filter>Source Files</Filter>
    </ClCompile>
    <ClCompile Include="gltf.c">
      <Filter>Source Files\standards</Filter>
    </ClCompile>
    <ClCompile Include="json.c">
      <Filter>Source Files\standards</Filter>
    </ClCompile>
    <ClCompile Include="wavefront.c">
      <Filter>Source Files\standards</Filter>
    </ClCompile>
    <ClCompile Include="clLoader.c">
      <Filter>Source Files</Filter>
    </ClCompile>
  </ItemGroup>
  <ItemGroup>
    <ClInclude Include="framework_nuklear.h">
      <Filter>Header Files\framework</Filter>
    </ClInclude>
    <ClInclude Include="framework_winapi.h">
      <Filter>Header Files\framework</Filter>
    </ClInclude>
    <ClInclude Include="framework_crt.h">
      <Filter>Header Files\framework</Filter>
    </ClInclude>
    <ClInclude Include="resource.h">
      <Filter>Header Files</Filter>
    </ClInclude>
    <ClInclude Include="Crox.h">
      <Filter>Header Files</Filter>
    </ClInclude>
    <ClInclude Include="Platform\Platform.h">
      <Filter>Header Files</Filter>
    </ClInclude>
    <ClInclude Include="framework_vulkan.h">
      <Filter>Header Files\framework</Filter>
    </ClInclude>
    <ClInclude Include="framework_spirv.h">
      <Filter>Header Files\framework</Filter>
    </ClInclude>
    <ClInclude Include="mesh.h">
      <Filter>Header Files</Filter>
    </ClInclude>
    <ClInclude Include="NullSemantics.h">
      <Filter>Header Files</Filter>
    </ClInclude>
    <ClInclude Include="camera.h">
      <Filter>Header Files</Filter>
    </ClInclude>
    <ClInclude Include="log.h">
      <Filter>Header Files</Filter>
    </ClInclude>
    <ClInclude Include="json.h">
      <Filter>Header Files\standards</Filter>
    </ClInclude>
    <ClInclude Include="wavefront.h">
      <Filter>Header Files\standards</Filter>
    </ClInclude>
    <ClInclude Include="gltf.h">
      <Filter>Header Files\standards</Filter>
    </ClInclude>
    <ClInclude Include="framework_cl.h">
      <Filter>Header Files\framework</Filter>
    </ClInclude>
  </ItemGroup>
  <ItemGroup>
    <ResourceCompile Include="Crox.rc">
      <Filter>Resource Files</Filter>
    </ResourceCompile>
  </ItemGroup>
  <ItemGroup>
    <None Include="default.vert">
      <Filter>Shader Source Files</Filter>
    </None>
    <None Include="default.frag">
      <Filter>Shader Source Files</Filter>
    </None>
    <None Include="3D.vert">
      <Filter>Shader Source Files</Filter>
    </None>
    <None Include="3D.frag">
      <Filter>Shader Source Files</Filter>
    </None>
    <None Include="..\rsc\mesh\cube.mtl">
      <Filter>Resource Files\meshes\wavefront\cube</Filter>
    </None>
    <None Include="..\rsc\mesh\globe.mtl">
      <Filter>Resource Files\meshes\wavefront\globe</Filter>
    </None>
    <None Include="..\rsc\mesh\gtx1080ti.mtl">
      <Filter>Resource Files\meshes\wavefront\gtx 1080ti</Filter>
    </None>
    <None Include="..\rsc\mesh\sphere.mtl">
      <Filter>Resource Files\meshes\wavefront\sphere</Filter>
    </None>
    <None Include="..\rsc\mesh\Suzanne.mtl">
      <Filter>Resource Files\meshes\wavefront\Suzanne</Filter>
    </None>
    <None Include="..\rsc\mesh\biplane\biplane.mtl">
      <Filter>Resource Files\meshes\wavefront\biplane</Filter>
    </None>
    <None Include="..\rsc\mesh\biplane\G17SL.3ds">
      <Filter>Resource Files\meshes\wavefront\biplane</Filter>
    </None>
    <None Include="..\rsc\mesh\biplane\G17SL.MAX">
      <Filter>Resource Files\meshes\wavefront\biplane</Filter>
    </None>
    <None Include="quick3D.frag">
      <Filter>Shader Source Files</Filter>
    </None>
    <None Include="..\rsc\mesh\Sponza\Sponza.bin">
      <Filter>Resource Files\meshes\gltf\Sponza</Filter>
    </None>
    <None Include="..\rsc\mesh\Sponza\Sponza.gltf">
      <Filter>Resource Files\meshes\gltf\Sponza</Filter>
    </None>
    <None Include="..\rsc\mesh\Duck\Duck.gltf">
      <Filter>Resource Files\meshes\gltf\Duck</Filter>
    </None>
    <None Include="..\rsc\mesh\Duck\Duck0.bin">
      <Filter>Resource Files\meshes\gltf\Duck</Filter>
    </None>
  </ItemGroup>
  <ItemGroup>
    <Object Include="..\rsc\mesh\teapot.obj">
      <Filter>Resource Files\meshes\wavefront</Filter>
    </Object>
    <Object Include="..\rsc\mesh\cube.obj">
      <Filter>Resource Files\meshes\wavefront\cube</Filter>
    </Object>
    <Object Include="..\rsc\mesh\globe.obj">
      <Filter>Resource Files\meshes\wavefront\globe</Filter>
    </Object>
    <Object Include="..\rsc\mesh\gtx1080ti.obj">
      <Filter>Resource Files\meshes\wavefront\gtx 1080ti</Filter>
    </Object>
    <Object Include="..\rsc\mesh\sphere.obj">
      <Filter>Resource Files\meshes\wavefront\sphere</Filter>
    </Object>
    <Object Include="..\rsc\mesh\Suzanne.obj">
      <Filter>Resource Files\meshes\wavefront\Suzanne</Filter>
    </Object>
    <Object Include="..\rsc\mesh\biplane\biplane.obj">
      <Filter>Resource Files\meshes\wavefront\biplane</Filter>
    </Object>
  </ItemGroup>
  <ItemGroup>
    <Image Include="opengl.ico">
      <Filter>Resource Files</Filter>
    </Image>
    <Image Include="..\rsc\mesh\biplane\G17SBEEH.JPG">
      <Filter>Resource Files\meshes\wavefront\biplane</Filter>
    </Image>
    <Image Include="..\rsc\mesh\biplane\G17SBEMS.JPG">
      <Filter>Resource Files\meshes\wavefront\biplane</Filter>
    </Image>
    <Image Include="..\rsc\mesh\biplane\G17SHELC.JPG">
      <Filter>Resource Files\meshes\wavefront\biplane</Filter>
    </Image>
    <Image Include="..\rsc\mesh\biplane\G17SHENG.JPG">
      <Filter>Resource Files\meshes\wavefront\biplane</Filter>
    </Image>
    <Image Include="..\rsc\mesh\biplane\G17SLTRB.JPG">
      <Filter>Resource Files\meshes\wavefront\biplane</Filter>
    </Image>
    <Image Include="..\rsc\mesh\biplane\G17SLTRR.JPG">
      <Filter>Resource Files\meshes\wavefront\biplane</Filter>
    </Image>
    <Image Include="..\rsc\mesh\biplane\G17SNUMR.JPG">
      <Filter>Resource Files\meshes\wavefront\biplane</Filter>
    </Image>
    <Image Include="..\rsc\mesh\biplane\G17SPICF.JPG">
      <Filter>Resource Files\meshes\wavefront\biplane</Filter>
    </Image>
    <Image Include="..\rsc\mesh\biplane\LAKEREM.JPG">
      <Filter>Resource Files\meshes\wavefront\biplane</Filter>
    </Image>
    <Image Include="..\rsc\mesh\Sponza\332936164838540657.jpg">
      <Filter>Resource Files\meshes\gltf\Sponza</Filter>
    </Image>
    <Image Include="..\rsc\mesh\Sponza\466164707995436622.jpg">
      <Filter>Resource Files\meshes\gltf\Sponza</Filter>
    </Image>
    <Image Include="..\rsc\mesh\Sponza\715093869573992647.jpg">
      <Filter>Resource Files\meshes\gltf\Sponza</Filter>
    </Image>
    <Image Include="..\rsc\mesh\Sponza\755318871556304029.jpg">
      <Filter>Resource Files\meshes\gltf\Sponza</Filter>
    </Image>
    <Image Include="..\rsc\mesh\Sponza\759203620573749278.jpg">
      <Filter>Resource Files\meshes\gltf\Sponza</Filter>
    </Image>
    <Image Include="..\rsc\mesh\Sponza\10381718147657362067.jpg">
      <Filter>Resource Files\meshes\gltf\Sponza</Filter>
    </Image>
    <Image Include="..\rsc\mesh\Sponza\10388182081421875623.jpg">
      <Filter>Resource Files\meshes\gltf\Sponza</Filter>
    </Image>
    <Image Include="..\rsc\mesh\Sponza\11474523244911310074.jpg">
      <Filter>Resource Files\meshes\gltf\Sponza</Filter>
    </Image>
    <Image Include="..\rsc\mesh\Sponza\11490520546946913238.jpg">
      <Filter>Resource Files\meshes\gltf\Sponza</Filter>
    </Image>
    <Image Include="..\rsc\mesh\Sponza\11872827283454512094.jpg">
      <Filter>Resource Files\meshes\gltf\Sponza</Filter>
    </Image>
    <Image Include="..\rsc\mesh\Sponza\11968150294050148237.jpg">
      <Filter>Resource Files\meshes\gltf\Sponza</Filter>
    </Image>
    <Image Include="..\rsc\mesh\Sponza\1219024358953944284.jpg">
      <Filter>Resource Files\meshes\gltf\Sponza</Filter>
    </Image>
    <Image Include="..\rsc\mesh\Sponza\12501374198249454378.jpg">
      <Filter>Resource Files\meshes\gltf\Sponza</Filter>
    </Image>
    <Image Include="..\rsc\mesh\Sponza\13196865903111448057.jpg">
      <Filter>Resource Files\meshes\gltf\Sponza</Filter>
    </Image>
    <Image Include="..\rsc\mesh\Sponza\13824894030729245199.jpg">
      <Filter>Resource Files\meshes\gltf\Sponza</Filter>
    </Image>
    <Image Include="..\rsc\mesh\Sponza\13982482287905699490.jpg">
      <Filter>Resource Files\meshes\gltf\Sponza</Filter>
    </Image>
    <Image Include="..\rsc\mesh\Sponza\14118779221266351425.jpg">
      <Filter>Resource Files\meshes\gltf\Sponza</Filter>
    </Image>
    <Image Include="..\rsc\mesh\Sponza\14170708867020035030.jpg">
      <Filter>Resource Files\meshes\gltf\Sponza</Filter>
    </Image>
    <Image Include="..\rsc\mesh\Sponza\14267839433702832875.jpg">
      <Filter>Resource Files\meshes\gltf\Sponza</Filter>
    </Image>
    <Image Include="..\rsc\mesh\Sponza\14650633544276105767.jpg">
      <Filter>Resource Files\meshes\gltf\Sponza</Filter>
    </Image>
    <Image Include="..\rsc\mesh\Sponza\15295713303328085182.jpg">
      <Filter>Resource Files\meshes\gltf\Sponza</Filter>
    </Image>
    <Image Include="..\rsc\mesh\Sponza\15722799267630235092.jpg">
      <Filter>Resource Files\meshes\gltf\Sponza</Filter>
    </Image>
    <Image Include="..\rsc\mesh\Sponza\16275776544635328252.png">
      <Filter>Resource Files\meshes\gltf\Sponza</Filter>
    </Image>
    <Image Include="..\rsc\mesh\Sponza\16299174074766089871.jpg">
      <Filter>Resource Files\meshes\gltf\Sponza</Filter>
    </Image>
    <Image Include="..\rsc\mesh\Sponza\16885566240357350108.jpg">
      <Filter>Resource Files\meshes\gltf\Sponza</Filter>
    </Image>
    <Image Include="..\rsc\mesh\Sponza\17556969131407844942.jpg">
      <Filter>Resource Files\meshes\gltf\Sponza</Filter>
    </Image>
    <Image Include="..\rsc\mesh\Sponza\17876391417123941155.jpg">
      <Filter>Resource Files\meshes\gltf\Sponza</Filter>
    </Image>
    <Image Include="..\rsc\mesh\Sponza\2051777328469649772.jpg">
      <Filter>Resource Files\meshes\gltf\Sponza</Filter>
    </Image>
    <Image Include="..\rsc\mesh\Sponza\2185409758123873465.jpg">
      <Filter>Resource Files\meshes\gltf\Sponza</Filter>
    </Image>
    <Image Include="..\rsc\mesh\Sponza\2299742237651021498.jpg">
      <Filter>Resource Files\meshes\gltf\Sponza</Filter>
    </Image>
    <Image Include="..\rsc\mesh\Sponza\2374361008830720677.jpg">
      <Filter>Resource Files\meshes\gltf\Sponza</Filter>
    </Image>
    <Image Include="..\rsc\mesh\Sponza\2411100444841994089.jpg">
      <Filter>Resource Files\meshes\gltf\Sponza</Filter>
    </Image>
    <Image Include="..\rsc\mesh\Sponza\2775690330959970771.jpg">
      <Filter>Resource Files\meshes\gltf\Sponza</Filter>
    </Image>
    <Image Include="..\rsc\mesh\Sponza\2969916736137545357.jpg">
      <Filter>Resource Files\meshes\gltf\Sponza</Filter>
    </Image>
    <Image Include="..\rsc\mesh\Sponza\3371964815757888145.jpg">
      <Filter>Resource Files\meshes\gltf\Sponza</Filter>
    </Image>
    <Image Include="..\rsc\mesh\Sponza\3455394979645218238.jpg">
      <Filter>Resource Files\meshes\gltf\Sponza</Filter>
    </Image>
    <Image Include="..\rsc\mesh\Sponza\3628158980083700836.jpg">
      <Filter>Resource Files\meshes\gltf\Sponza</Filter>
    </Image>
    <Image Include="..\rsc\mesh\Sponza\3827035219084910048.jpg">
      <Filter>Resource Files\meshes\gltf\Sponza</Filter>
    </Image>
    <Image Include="..\rsc\mesh\Sponza\4477655471536070370.jpg">
      <Filter>Resource Files\meshes\gltf\Sponza</Filter>
    </Image>
    <Image Include="..\rsc\mesh\Sponza\4601176305987539675.jpg">
      <Filter>Resource Files\meshes\gltf\Sponza</Filter>
    </Image>
    <Image Include="..\rsc\mesh\Sponza\4675343432951571524.jpg">
      <Filter>Resource Files\meshes\gltf\Sponza</Filter>
    </Image>
    <Image Include="..\rsc\mesh\Sponza\4871783166746854860.jpg">
      <Filter>Resource Files\meshes\gltf\Sponza</Filter>
    </Image>
    <Image Include="..\rsc\mesh\Sponza\4910669866631290573.jpg">
      <Filter>Resource Files\meshes\gltf\Sponza</Filter>
    </Image>
    <Image Include="..\rsc\mesh\Sponza\4975155472559461469.jpg">
      <Filter>Resource Files\meshes\gltf\Sponza</Filter>
    </Image>
    <Image Include="..\rsc\mesh\Sponza\5061699253647017043.png">
      <Filter>Resource Files\meshes\gltf\Sponza</Filter>
    </Image>
    <Image Include="..\rsc\mesh\Sponza\5792855332885324923.jpg">
      <Filter>Resource Files\meshes\gltf\Sponza</Filter>
    </Image>
    <Image Include="..\rsc\mesh\Sponza\5823059166183034438.jpg">
      <Filter>Resource Files\meshes\gltf\Sponza</Filter>
    </Image>
    <Image Include="..\rsc\mesh\Sponza\6047387724914829168.jpg">
      <Filter>Resource Files\meshes\gltf\Sponza</Filter>
    </Image>
    <Image Include="..\rsc\mesh\Sponza\6151467286084645207.jpg">
      <Filter>Resource Files\meshes\gltf\Sponza</Filter>
    </Image>
    <Image Include="..\rsc\mesh\Sponza\6593109234861095314.jpg">
      <Filter>Resource Files\meshes\gltf\Sponza</Filter>
    </Image>
    <Image Include="..\rsc\mesh\Sponza\6667038893015345571.jpg">
      <Filter>Resource Files\meshes\gltf\Sponza</Filter>
    </Image>
    <Image Include="..\rsc\mesh\Sponza\6772804448157695701.jpg">
      <Filter>Resource Files\meshes\gltf\Sponza</Filter>
    </Image>
    <Image Include="..\rsc\mesh\Sponza\7056944414013900257.jpg">
      <Filter>Resource Files\meshes\gltf\Sponza</Filter>
    </Image>
    <Image Include="..\rsc\mesh\Sponza\7268504077753552595.jpg">
      <Filter>Resource Files\meshes\gltf\Sponza</Filter>
    </Image>
    <Image Include="..\rsc\mesh\Sponza\7441062115984513793.jpg">
      <Filter>Resource Files\meshes\gltf\Sponza</Filter>
    </Image>
    <Image Include="..\rsc\mesh\Sponza\7645212358685992005.jpg">
      <Filter>Resource Files\meshes\gltf\Sponza</Filter>
    </Image>
    <Image Include="..\rsc\mesh\Sponza\7815564343179553343.jpg">
      <Filter>Resource Files\meshes\gltf\Sponza</Filter>
    </Image>
    <Image Include="..\rsc\mesh\Sponza\8006627369776289000.png">
      <Filter>Resource Files\meshes\gltf\Sponza</Filter>
    </Image>
    <Image Include="..\rsc\mesh\Sponza\8051790464816141987.jpg">
      <Filter>Resource Files\meshes\gltf\Sponza</Filter>
    </Image>
    <Image Include="..\rsc\mesh\Sponza\8114461559286000061.jpg">
      <Filter>Resource Files\meshes\gltf\Sponza</Filter>
    </Image>
    <Image Include="..\rsc\mesh\Sponza\8481240838833932244.jpg">
      <Filter>Resource Files\meshes\gltf\Sponza</Filter>
    </Image>
    <Image Include="..\rsc\mesh\Sponza\8503262930880235456.jpg">
      <Filter>Resource Files\meshes\gltf\Sponza</Filter>
    </Image>
    <Image Include="..\rsc\mesh\Sponza\8747919177698443163.jpg">
      <Filter>Resource Files\meshes\gltf\Sponza</Filter>
    </Image>
    <Image Include="..\rsc\mesh\Sponza\8750083169368950601.jpg">
      <Filter>Resource Files\meshes\gltf\Sponza</Filter>
    </Image>
    <Image Include="..\rsc\mesh\Sponza\8773302468495022225.jpg">
      <Filter>Resource Files\meshes\gltf\Sponza</Filter>
    </Image>
    <Image Include="..\rsc\mesh\Sponza\8783994986360286082.jpg">
      <Filter>Resource Files\meshes\gltf\Sponza</Filter>
    </Image>
    <Image Include="..\rsc\mesh\Sponza\9288698199695299068.jpg">
      <Filter>Resource Files\meshes\gltf\Sponza</Filter>
    </Image>
    <Image Include="..\rsc\mesh\Sponza\9916269861720640319.jpg">
      <Filter>Resource Files\meshes\gltf\Sponza</Filter>
    </Image>
    <Image Include="..\rsc\mesh\Sponza\white.png">
      <Filter>Resource Files\meshes\gltf\Sponza</Filter>
    </Image>
    <Image Include="..\rsc\mesh\Duck\DuckCM.png">
      <Filter>Resource Files\meshes\gltf\Duck</Filter>
    </Image>
  </ItemGroup>
</Project>